
Microsoft Visual Studio Solution File, Format Version 12.00
# Visual Studio 15
VisualStudioVersion = 15.0.27130.2020
MinimumVisualStudioVersion = 10.0.40219.1
Project("{FAE04EC0-301F-11D3-BF4B-00C04F79EFBC}") = "WindowsFormsApp5", "WindowsFormsApp5\WindowsFormsApp5.csproj", "{C2F6AC73-D888-422F-815B-5A96A9FAB25A}"
EndProject
Global
	GlobalSection(SolutionConfigurationPlatforms) = preSolution
		Debug|Any CPU = Debug|Any CPU
		Release|Any CPU = Release|Any CPU
	EndGlobalSection
	GlobalSection(ProjectConfigurationPlatforms) = postSolution
		{C2F6AC73-D888-422F-815B-5A96A9FAB25A}.Debug|Any CPU.ActiveCfg = Debug|Any CPU
		{C2F6AC73-D888-422F-815B-5A96A9FAB25A}.Debug|Any CPU.Build.0 = Debug|Any CPU
		{C2F6AC73-D888-422F-815B-5A96A9FAB25A}.Release|Any CPU.ActiveCfg = Release|Any CPU
		{C2F6AC73-D888-422F-815B-5A96A9FAB25A}.Release|Any CPU.Build.0 = Release|Any CPU
	EndGlobalSection
	GlobalSection(SolutionProperties) = preSolution
		HideSolutionNode = FALSE
	EndGlobalSection
	GlobalSection(ExtensibilityGlobals) = postSolution
		SolutionGuid = {622F41CB-0EAF-44A7-8E54-385675CC222E}
	EndGlobalSection
EndGlobal
